# THIS IS AN AUTOGENERATED FILE. DO NOT EDIT THIS FILE DIRECTLY.
# yarn lockfile v1


axios@^0.26.0:
  version "0.26.0"
  resolved "https://registry.yarnpkg.com/axios/-/axios-0.26.0.tgz#9a318f1c69ec108f8cd5f3c3d390366635e13928"
  integrity sha512-lKoGLMYtHvFrPVt3r+RBMp9nh34N0M8zEfCWqdWZx6phynIEhQqAdydpyBAAG211zlhX9Rgu08cOamy6XjE5Og==
  dependencies:
    follow-redirects "^1.14.8"

follow-redirects@^1.14.8:
  version "1.14.9"
  resolved "https://registry.yarnpkg.com/follow-redirects/-/follow-redirects-1.14.9.tgz#dd4ea157de7bfaf9ea9b3fbd85aa16951f78d8d7"
  integrity sha512-MQDfihBQYMcyy5dhRDJUHcw7lb2Pv/TuE6xP1vyraLukNDHKbDxDNaOE3NbCAdKQApno+GPRyo1YAp89yCjK4w==

http-status-codes@^2.2.0:
  version "2.2.0"
  resolved "https://registry.yarnpkg.com/http-status-codes/-/http-status-codes-2.2.0.tgz#bb2efe63d941dfc2be18e15f703da525169622be"
  integrity sha512-feERVo9iWxvnejp3SEfm/+oNG517npqL2/PIA8ORjyOZjGC7TwCRQsZylciLS64i6pJ0wRYz3rkXLRwbtFa8Ng==

nanoid@^3.3.1:
  version "3.3.1"
  resolved "https://registry.yarnpkg.com/nanoid/-/nanoid-3.3.1.tgz#6347a18cac88af88f58af0b3594b723d5e99bb35"
  integrity sha512-n6Vs/3KGyxPQd6uO0eH4Bv0ojGSUvuLlIHtC3Y0kEO23YRge8H9x1GCzLn28YX0H66pMkxuaeESFq4tKISKwdw==
