# THIS IS AN AUTOGENERATED FILE. DO NOT EDIT THIS FILE DIRECTLY.
# yarn lockfile v1


callsite@^1.0.0:
  version "1.0.0"
  resolved "https://registry.yarnpkg.com/callsite/-/callsite-1.0.0.tgz#280398e5d664bd74038b6f0905153e6e8af1bc20"
  integrity sha1-KAOY5dZkvXQDi28JBRU+borxvCA=

fprint@^2.0.1:
  version "2.0.1"
  resolved "https://registry.yarnpkg.com/fprint/-/fprint-2.0.1.tgz#1bc89a557a1bb9fc8ab9c84813f6d389b288b8f0"
  integrity sha512-hYQ/ueyP3aEArTiNivCZnmy91STMetHh9zNujOwpb0c+N1M98dPoRKakuIbOnedZHBVHuHL+Il6sBAHwmqo04w==
  dependencies:
    callsite "^1.0.0"
    isstream "^0.1.2"

isstream@^0.1.2:
  version "0.1.2"
  resolved "https://registry.yarnpkg.com/isstream/-/isstream-0.1.2.tgz#47e63f7af55afa6f92e1500e690eb8b8529c099a"
  integrity sha1-R+Y/evVa+m+S4VAOaQ64uFKcCZo=

uuid@^8.3.2:
  version "8.3.2"
  resolved "https://registry.yarnpkg.com/uuid/-/uuid-8.3.2.tgz#80d5b5ced271bb9af6c445f21a1a04c606cefbe2"
  integrity sha512-+NYs2QeMWy+GWFOEm9xnn6HCDp0l7QBD7ml8zLUmJ+93Q5NF0NocErnwkTkXVFNiX3/fpC6afS8Dhb/gz7R7eg==
